{
  "version": 4,
  "terraform_version": "1.3.4",
  "serial": 5,
  "lineage": "2f5c576c-0e18-33ec-ff66-59b4621d9abf",
  "outputs": {},
  "resources": [
    {
      "mode": "data",
      "type": "aws_security_group",
      "name": "default",
      "provider": "provider[\"registry.terraform.io/hashicorp/aws\"]",
      "instances": [
        {
          "schema_version": 0,
          "attributes": {
            "arn": "arn:aws:ec2:ap-northeast-2:883902933232:security-group/sg-0b5decba8614d0f0c",
            "description": "default VPC security group",
            "filter": null,
            "id": "sg-0b5decba8614d0f0c",
            "name": "default",
            "tags": {},
            "timeouts": null,
            "vpc_id": "vpc-0b32e27aab4ebdd50"
          },
          "sensitive_attributes": []
        }
      ]
    },
    {
      "mode": "managed",
      "type": "aws_eip",
      "name": "eip-test_infra1-test_instance11",
      "provider": "provider[\"registry.terraform.io/hashicorp/aws\"]",
      "instances": [
        {
          "schema_version": 0,
          "attributes": {
            "address": null,
            "allocation_id": "eipalloc-010f92acfc227a329",
            "associate_with_private_ip": null,
            "association_id": "eipassoc-0b69ede3d44531182",
            "carrier_ip": "",
            "customer_owned_ip": "",
            "customer_owned_ipv4_pool": "",
            "domain": "vpc",
            "id": "eipalloc-010f92acfc227a329",
            "instance": "i-095f76e63a41b9ff0",
            "network_border_group": "ap-northeast-2",
            "network_interface": "eni-0c978d082930c6463",
            "private_dns": "ip-172-31-7-19.ap-northeast-2.compute.internal",
            "private_ip": "172.31.7.19",
            "public_dns": "ec2-13-125-59-40.ap-northeast-2.compute.amazonaws.com",
            "public_ip": "13.125.59.40",
            "public_ipv4_pool": "amazon",
            "tags": null,
            "tags_all": {},
            "timeouts": null,
            "vpc": true
          },
          "sensitive_attributes": [],
          "private": "eyJlMmJmYjczMC1lY2FhLTExZTYtOGY4OC0zNDM2M2JjN2M0YzAiOnsiZGVsZXRlIjoxODAwMDAwMDAwMDAsInJlYWQiOjkwMDAwMDAwMDAwMCwidXBkYXRlIjozMDAwMDAwMDAwMDB9fQ==",
          "dependencies": [
            "aws_key_pair._bb85968d-fd29-4225-a50c-858f93e26eef",
            "aws_spot_instance_request.test_infra1-test_instance11",
            "time_sleep.wait_30_seconds"
          ]
        }
      ]
    },
    {
      "mode": "managed",
      "type": "aws_key_pair",
      "name": "_bb85968d-fd29-4225-a50c-858f93e26eef",
      "provider": "provider[\"registry.terraform.io/hashicorp/aws\"]",
      "instances": [
        {
          "schema_version": 1,
          "attributes": {
            "arn": "arn:aws:ec2:ap-northeast-2:883902933232:key-pair/_bb85968d-fd29-4225-a50c-858f93e26eef",
            "fingerprint": "1a:10:c9:6d:72:0a:81:5b:f8:66:a9:62:f6:6f:b6:12",
            "id": "_bb85968d-fd29-4225-a50c-858f93e26eef",
            "key_name": "_bb85968d-fd29-4225-a50c-858f93e26eef",
            "key_name_prefix": "",
            "key_pair_id": "key-00a2d52de127199a8",
            "key_type": "rsa",
            "public_key": "ssh-rsa AAAAB3NzaC1yc2EAAAADAQABAAACAQDy37jIfDbo9peOenEUCstYakyZ6yD49OcAnc67Jx5eFeTGVjib7p2shwkLOPGQfrETc0KhFijkhZuaAkQtSpO5+FWEVixB7yPw7mys+z1AEgEcTHaFnLendqkHsD9YIT89nqvWz1Da2UIni+G13MwW7DpONRZU3dDNE/mqTdAHgWz8U1xpknURvTj/qDWZyXPkOXm/L38I1zV/cmZtm6kqXBNvJdDtNz17eY/V7md37IAlt9KFpyyfHifeL11KDSz023x1qGBl0+/7o2FqiScIMzfcyBnTg+QQPl6TpCpFTbuVWdMugntZgEBk5uJg4CkMhzAATTBC9R7RypWbSn3vLgIKd90T8CIbQpaLeD/36VjiRrsNEmMoLCsKpq9nppQpuzHacLLiGPIgX6vSXWSAformH3MGRybEME08UcY0ZOtZby7MoCx6D17N+wT7yIPVnwzmZvX7Ox19lHvqRxLWpt0gG9bvkSBkUcBxPl/bXrAahWKhaALZ1sk/3udHl+59+RxRYH0h43hbHU/XtwO+HkGiuh3efsIQpb3qGdYqh6q7QLT1oH9ZSAikov57vVCbJ6kBpAGuN9h2Z7ujQp/w2nob3jXFvKRk/xqXSy0EE8OzVPMuOZtqMnKMFW5Xk+xxhxn5g+Rk5O3orPaIE3wI5goLVGb5BXJBK5OYk2ecsw==",
            "tags": null,
            "tags_all": {}
          },
          "sensitive_attributes": [],
          "private": "eyJzY2hlbWFfdmVyc2lvbiI6IjEifQ=="
        }
      ]
    },
    {
      "mode": "managed",
      "type": "aws_spot_instance_request",
      "name": "test_infra1-test_instance11",
      "provider": "provider[\"registry.terraform.io/hashicorp/aws\"]",
      "instances": [
        {
          "schema_version": 0,
          "attributes": {
            "ami": "ami-0c76973fbe0ee100c",
            "arn": null,
            "associate_public_ip_address": true,
            "availability_zone": null,
            "block_duration_minutes": 0,
            "capacity_reservation_specification": null,
            "cpu_core_count": null,
            "cpu_threads_per_core": null,
            "credit_specification": [],
            "disable_api_stop": null,
            "disable_api_termination": null,
            "ebs_block_device": [],
            "ebs_optimized": null,
            "enclave_options": null,
            "ephemeral_block_device": [],
            "get_password_data": false,
            "hibernation": null,
            "host_id": null,
            "host_resource_group_arn": null,
            "iam_instance_profile": null,
            "id": "sir-as6eepjq",
            "instance_initiated_shutdown_behavior": null,
            "instance_interruption_behavior": "terminate",
            "instance_state": null,
            "instance_type": "t2.micro",
            "ipv6_address_count": 0,
            "ipv6_addresses": [],
            "key_name": "_bb85968d-fd29-4225-a50c-858f93e26eef",
            "launch_group": "",
            "launch_template": [],
            "maintenance_options": null,
            "metadata_options": null,
            "monitoring": null,
            "network_interface": [],
            "outpost_arn": null,
            "password_data": "",
            "placement_group": null,
            "placement_partition_number": null,
            "primary_network_interface_id": "eni-0c978d082930c6463",
            "private_dns": "ip-172-31-7-19.ap-northeast-2.compute.internal",
            "private_dns_name_options": null,
            "private_ip": "172.31.7.19",
            "public_dns": "ec2-3-38-209-67.ap-northeast-2.compute.amazonaws.com",
            "public_ip": "3.38.209.67",
            "root_block_device": [
              {
                "delete_on_termination": true,
                "device_name": "/dev/xvda",
                "encrypted": false,
                "iops": 100,
                "kms_key_id": "",
                "tags": {},
                "throughput": 0,
                "volume_id": "vol-0d185d8b43fb808a3",
                "volume_size": 8,
                "volume_type": "gp2"
              }
            ],
            "secondary_private_ips": [],
            "security_groups": ["default"],
            "source_dest_check": true,
            "spot_bid_status": "fulfilled",
            "spot_instance_id": "i-095f76e63a41b9ff0",
            "spot_price": "0.030000",
            "spot_request_state": "active",
            "spot_type": "persistent",
            "subnet_id": "subnet-0ed6acb954aed2501",
            "tags": {
              "Name": "CheapWorker"
            },
            "tags_all": {
              "Name": "CheapWorker"
            },
            "tenancy": null,
            "timeouts": null,
            "user_data": null,
            "user_data_base64": null,
            "user_data_replace_on_change": false,
            "valid_from": "0001-01-01T00:00:00Z",
            "valid_until": "0001-01-01T00:00:00Z",
            "volume_tags": null,
            "vpc_security_group_ids": ["sg-0b5decba8614d0f0c"],
            "wait_for_fulfillment": true
          },
          "sensitive_attributes": [],
          "private": "eyJlMmJmYjczMC1lY2FhLTExZTYtOGY4OC0zNDM2M2JjN2M0YzAiOnsiY3JlYXRlIjo2MDAwMDAwMDAwMDAsImRlbGV0ZSI6MTIwMDAwMDAwMDAwMH19",
          "dependencies": ["aws_key_pair._bb85968d-fd29-4225-a50c-858f93e26eef"]
        }
      ]
    },
    {
      "mode": "managed",
      "type": "time_sleep",
      "name": "wait_30_seconds",
      "provider": "provider[\"registry.terraform.io/hashicorp/time\"]",
      "instances": [
        {
          "schema_version": 0,
          "attributes": {
            "create_duration": "30s",
            "destroy_duration": null,
            "id": "2022-11-25T12:33:46Z",
            "triggers": null
          },
          "sensitive_attributes": [],
          "dependencies": [
            "aws_key_pair._bb85968d-fd29-4225-a50c-858f93e26eef",
            "aws_spot_instance_request.test_infra1-test_instance11"
          ]
        }
      ]
    }
  ],
  "check_results": null
}
